
Microsoft Visual Studio Solution File, Format Version 12.00
# Visual Studio Version 16
VisualStudioVersion = 16.0.28407.52
MinimumVisualStudioVersion = 10.0.40219.1
Project("{FAE04EC0-301F-11D3-BF4B-00C04F79EFBC}") = "Unitronics_BL", "Unitronic_BL\Unitronics_BL.csproj", "{BD2651AD-74D4-4D81-A29B-DEA249A02D94}"
EndProject
Global
	GlobalSection(SolutionConfigurationPlatforms) = preSolution
		Debug|Any CPU = Debug|Any CPU
		Release|Any CPU = Release|Any CPU
	EndGlobalSection
	GlobalSection(ProjectConfigurationPlatforms) = postSolution
		{BD2651AD-74D4-4D81-A29B-DEA249A02D94}.Debug|Any CPU.ActiveCfg = Debug|Any CPU
		{BD2651AD-74D4-4D81-A29B-DEA249A02D94}.Debug|Any CPU.Build.0 = Debug|Any CPU
		{BD2651AD-74D4-4D81-A29B-DEA249A02D94}.Release|Any CPU.ActiveCfg = Release|Any CPU
		{BD2651AD-74D4-4D81-A29B-DEA249A02D94}.Release|Any CPU.Build.0 = Release|Any CPU
	EndGlobalSection
	GlobalSection(SolutionProperties) = preSolution
		HideSolutionNode = FALSE
	EndGlobalSection
	GlobalSection(ExtensibilityGlobals) = postSolution
		SolutionGuid = {B6EBD1C5-0B2D-440C-8597-7875BDF4201F}
	EndGlobalSection
EndGlobal
